{
  "name": "@streamyx/crunchyroll",
  "version": "0.0.6",
  "lockfileVersion": 3,
  "requires": true,
  "packages": {
    "": {
      "name": "@streamyx/crunchyroll",
      "version": "0.0.6",
      "license": "ISC",
      "dependencies": {
        "@streamyx/plugin": "^0.0.6"
      },
      "devDependencies": {
        "@types/node": "^20.11.28",
        "typescript": "^5.4.2"
      }
    },
    "node_modules/@babel/runtime": {
      "version": "7.24.4",
      "resolved": "https://registry.npmjs.org/@babel/runtime/-/runtime-7.24.4.tgz",
      "integrity": "sha512-dkxf7+hn8mFBwKjs9bvBlArzLVxVbS8usaPUDd5p2a9JCL9tB8OaOVN1isD4+Xyk4ns89/xeOmbQvgdK7IIVdA==",
      "dependencies": {
        "regenerator-runtime": "^0.14.0"
      },
      "engines": {
        "node": ">=6.9.0"
      }
    },
    "node_modules/@streamyx/plugin": {
      "version": "0.0.6",
      "resolved": "https://registry.npmjs.org/@streamyx/plugin/-/plugin-0.0.6.tgz",
      "integrity": "sha512-NVnQzlSjm0KhlAYMpaSZsLCR6ctWpSC2PyGXeidBA9YeNk//1ac18RKeY/ZACu+Jbf7Pe1SAD1UeKm82SyLeRg==",
      "dependencies": {
        "@types/node": "^20.12.7",
        "dasha": "github:vitalygashkov/dasha",
        "undici": "^6.13.0"
      }
    },
    "node_modules/@types/node": {
      "version": "20.12.7",
      "resolved": "https://registry.npmjs.org/@types/node/-/node-20.12.7.tgz",
      "integrity": "sha512-wq0cICSkRLVaf3UGLMGItu/PtdY7oaXaI/RVU+xliKVOtRna3PRY57ZDfztpDL0n11vfymMUnXv8QwYCO7L1wg==",
      "dependencies": {
        "undici-types": "~5.26.4"
      }
    },
    "node_modules/@videojs/vhs-utils": {
      "version": "3.0.5",
      "resolved": "https://registry.npmjs.org/@videojs/vhs-utils/-/vhs-utils-3.0.5.tgz",
      "integrity": "sha512-PKVgdo8/GReqdx512F+ombhS+Bzogiofy1LgAj4tN8PfdBx3HSS7V5WfJotKTqtOWGwVfSWsrYN/t09/DSryrw==",
      "dependencies": {
        "@babel/runtime": "^7.12.5",
        "global": "^4.4.0",
        "url-toolkit": "^2.2.1"
      },
      "engines": {
        "node": ">=8",
        "npm": ">=5"
      }
    },
    "node_modules/dasha": {
      "version": "3.0.0-beta.5",
      "resolved": "git+ssh://git@github.com/vitalygashkov/dasha.git#212f5c1669f5b0b4c13d9fa1e4be986ad5a4e552",
      "funding": [
        {
          "type": "individual",
          "url": "https://boosty.to/vitalygashkov/donate"
        }
      ],
      "license": "AGPL-3.0",
      "dependencies": {
        "m3u8-parser": "^7.1.0"
      }
    },
    "node_modules/dom-walk": {
      "version": "0.1.2",
      "resolved": "https://registry.npmjs.org/dom-walk/-/dom-walk-0.1.2.tgz",
      "integrity": "sha512-6QvTW9mrGeIegrFXdtQi9pk7O/nSK6lSdXW2eqUspN5LWD7UTji2Fqw5V2YLjBpHEoU9Xl/eUWNpDeZvoyOv2w=="
    },
    "node_modules/global": {
      "version": "4.4.0",
      "resolved": "https://registry.npmjs.org/global/-/global-4.4.0.tgz",
      "integrity": "sha512-wv/LAoHdRE3BeTGz53FAamhGlPLhlssK45usmGFThIi4XqnBmjKQ16u+RNbP7WvigRZDxUsM0J3gcQ5yicaL0w==",
      "dependencies": {
        "min-document": "^2.19.0",
        "process": "^0.11.10"
      }
    },
    "node_modules/m3u8-parser": {
      "version": "7.1.0",
      "resolved": "https://registry.npmjs.org/m3u8-parser/-/m3u8-parser-7.1.0.tgz",
      "integrity": "sha512-7N+pk79EH4oLKPEYdgRXgAsKDyA/VCo0qCHlUwacttQA0WqsjZQYmNfywMvjlY9MpEBVZEt0jKFd73Kv15EBYQ==",
      "dependencies": {
        "@babel/runtime": "^7.12.5",
        "@videojs/vhs-utils": "^3.0.5",
        "global": "^4.4.0"
      }
    },
    "node_modules/min-document": {
      "version": "2.19.0",
      "resolved": "https://registry.npmjs.org/min-document/-/min-document-2.19.0.tgz",
      "integrity": "sha512-9Wy1B3m3f66bPPmU5hdA4DR4PB2OfDU/+GS3yAB7IQozE3tqXaVv2zOjgla7MEGSRv95+ILmOuvhLkOK6wJtCQ==",
      "dependencies": {
        "dom-walk": "^0.1.0"
      }
    },
    "node_modules/process": {
      "version": "0.11.10",
      "resolved": "https://registry.npmjs.org/process/-/process-0.11.10.tgz",
      "integrity": "sha512-cdGef/drWFoydD1JsMzuFf8100nZl+GT+yacc2bEced5f9Rjk4z+WtFUTBu9PhOi9j/jfmBPu0mMEY4wIdAF8A==",
      "engines": {
        "node": ">= 0.6.0"
      }
    },
    "node_modules/regenerator-runtime": {
      "version": "0.14.1",
      "resolved": "https://registry.npmjs.org/regenerator-runtime/-/regenerator-runtime-0.14.1.tgz",
      "integrity": "sha512-dYnhHh0nJoMfnkZs6GmmhFknAGRrLznOu5nc9ML+EJxGvrx6H7teuevqVqCuPcPK//3eDrrjQhehXVx9cnkGdw=="
    },
    "node_modules/typescript": {
      "version": "5.4.2",
      "resolved": "https://registry.npmjs.org/typescript/-/typescript-5.4.2.tgz",
      "integrity": "sha512-+2/g0Fds1ERlP6JsakQQDXjZdZMM+rqpamFZJEKh4kwTIn3iDkgKtby0CeNd5ATNZ4Ry1ax15TMx0W2V+miizQ==",
      "dev": true,
      "bin": {
        "tsc": "bin/tsc",
        "tsserver": "bin/tsserver"
      },
      "engines": {
        "node": ">=14.17"
      }
    },
    "node_modules/undici": {
      "version": "6.13.0",
      "resolved": "https://registry.npmjs.org/undici/-/undici-6.13.0.tgz",
      "integrity": "sha512-Q2rtqmZWrbP8nePMq7mOJIN98M0fYvSgV89vwl/BQRT4mDOeY2GXZngfGpcBBhtky3woM7G24wZV3Q304Bv6cw==",
      "engines": {
        "node": ">=18.0"
      }
    },
    "node_modules/undici-types": {
      "version": "5.26.5",
      "resolved": "https://registry.npmjs.org/undici-types/-/undici-types-5.26.5.tgz",
      "integrity": "sha512-JlCMO+ehdEIKqlFxk6IfVoAUVmgz7cU7zD/h9XZ0qzeosSHmUJVOzSQvvYSYWXkFXC+IfLKSIffhv0sVZup6pA=="
    },
    "node_modules/url-toolkit": {
      "version": "2.2.5",
      "resolved": "https://registry.npmjs.org/url-toolkit/-/url-toolkit-2.2.5.tgz",
      "integrity": "sha512-mtN6xk+Nac+oyJ/PrI7tzfmomRVNFIWKUbG8jdYFt52hxbiReFAXIjYskvu64/dvuW71IcB7lV8l0HvZMac6Jg=="
    }
  }
}
